
Microsoft Visual Studio Solution File, Format Version 12.00
# Visual Studio 15
VisualStudioVersion = 15.0.26430.14
MinimumVisualStudioVersion = 10.0.40219.1
Project("{9A19103F-16F7-4668-BE54-9A1E7A4F7556}") = "Badge.Web", "Badge.Web\Badge.Web.csproj", "{5D7C4734-88C5-4E25-89AF-2C01211C7AC6}"
EndProject
Project("{FAE04EC0-301F-11D3-BF4B-00C04F79EFBC}") = "Badge.WebJob", "Badge.WebJob\Badge.WebJob.csproj", "{917B7F95-9974-4509-894C-99D368D4478F}"
EndProject
Project("{9A19103F-16F7-4668-BE54-9A1E7A4F7556}") = "Badge.EF", "Badge.EF\Badge.EF.csproj", "{FFE9AE47-4C25-425E-8C7B-B8265FB2B8A2}"
EndProject
Project("{FAE04EC0-301F-11D3-BF4B-00C04F79EFBC}") = "TestLed", "TestLed\TestLed.csproj", "{AEADBE95-4773-4931-8741-4196E11D0854}"
EndProject
Project("{FAE04EC0-301F-11D3-BF4B-00C04F79EFBC}") = "RFIDReader", "RFIDReader\RFIDReader.csproj", "{4979A8F1-8A77-40B0-A85D-75978DDB6B4C}"
EndProject
Project("{FAE04EC0-301F-11D3-BF4B-00C04F79EFBC}") = "Rc522", "Rc522\Rc522.csproj", "{B9F90C33-938E-4D6D-A999-0DB29A986AB8}"
EndProject
Project("{FAE04EC0-301F-11D3-BF4B-00C04F79EFBC}") = "Badge.Pratictise.Initialize", "Badge.Pratictise.Initialize\Badge.Pratictise.Initialize.csproj", "{6201FD19-61F2-4A77-BFB5-6A78E9A86D13}"
EndProject
Global
	GlobalSection(SolutionConfigurationPlatforms) = preSolution
		Debug|Any CPU = Debug|Any CPU
		Debug|ARM = Debug|ARM
		Debug|x64 = Debug|x64
		Debug|x86 = Debug|x86
		Mock|Any CPU = Mock|Any CPU
		Mock|ARM = Mock|ARM
		Mock|x64 = Mock|x64
		Mock|x86 = Mock|x86
		Release|Any CPU = Release|Any CPU
		Release|ARM = Release|ARM
		Release|x64 = Release|x64
		Release|x86 = Release|x86
	EndGlobalSection
	GlobalSection(ProjectConfigurationPlatforms) = postSolution
		{5D7C4734-88C5-4E25-89AF-2C01211C7AC6}.Debug|Any CPU.ActiveCfg = Debug|Any CPU
		{5D7C4734-88C5-4E25-89AF-2C01211C7AC6}.Debug|Any CPU.Build.0 = Debug|Any CPU
		{5D7C4734-88C5-4E25-89AF-2C01211C7AC6}.Debug|ARM.ActiveCfg = Debug|Any CPU
		{5D7C4734-88C5-4E25-89AF-2C01211C7AC6}.Debug|ARM.Build.0 = Debug|Any CPU
		{5D7C4734-88C5-4E25-89AF-2C01211C7AC6}.Debug|x64.ActiveCfg = Debug|Any CPU
		{5D7C4734-88C5-4E25-89AF-2C01211C7AC6}.Debug|x64.Build.0 = Debug|Any CPU
		{5D7C4734-88C5-4E25-89AF-2C01211C7AC6}.Debug|x86.ActiveCfg = Debug|Any CPU
		{5D7C4734-88C5-4E25-89AF-2C01211C7AC6}.Debug|x86.Build.0 = Debug|Any CPU
		{5D7C4734-88C5-4E25-89AF-2C01211C7AC6}.Mock|Any CPU.ActiveCfg = Release|Any CPU
		{5D7C4734-88C5-4E25-89AF-2C01211C7AC6}.Mock|Any CPU.Build.0 = Release|Any CPU
		{5D7C4734-88C5-4E25-89AF-2C01211C7AC6}.Mock|ARM.ActiveCfg = Release|Any CPU
		{5D7C4734-88C5-4E25-89AF-2C01211C7AC6}.Mock|ARM.Build.0 = Release|Any CPU
		{5D7C4734-88C5-4E25-89AF-2C01211C7AC6}.Mock|x64.ActiveCfg = Release|Any CPU
		{5D7C4734-88C5-4E25-89AF-2C01211C7AC6}.Mock|x64.Build.0 = Release|Any CPU
		{5D7C4734-88C5-4E25-89AF-2C01211C7AC6}.Mock|x86.ActiveCfg = Release|Any CPU
		{5D7C4734-88C5-4E25-89AF-2C01211C7AC6}.Mock|x86.Build.0 = Release|Any CPU
		{5D7C4734-88C5-4E25-89AF-2C01211C7AC6}.Release|Any CPU.ActiveCfg = Release|Any CPU
		{5D7C4734-88C5-4E25-89AF-2C01211C7AC6}.Release|Any CPU.Build.0 = Release|Any CPU
		{5D7C4734-88C5-4E25-89AF-2C01211C7AC6}.Release|ARM.ActiveCfg = Release|Any CPU
		{5D7C4734-88C5-4E25-89AF-2C01211C7AC6}.Release|ARM.Build.0 = Release|Any CPU
		{5D7C4734-88C5-4E25-89AF-2C01211C7AC6}.Release|x64.ActiveCfg = Release|Any CPU
		{5D7C4734-88C5-4E25-89AF-2C01211C7AC6}.Release|x64.Build.0 = Release|Any CPU
		{5D7C4734-88C5-4E25-89AF-2C01211C7AC6}.Release|x86.ActiveCfg = Release|Any CPU
		{5D7C4734-88C5-4E25-89AF-2C01211C7AC6}.Release|x86.Build.0 = Release|Any CPU
		{917B7F95-9974-4509-894C-99D368D4478F}.Debug|Any CPU.ActiveCfg = Debug|Any CPU
		{917B7F95-9974-4509-894C-99D368D4478F}.Debug|Any CPU.Build.0 = Debug|Any CPU
		{917B7F95-9974-4509-894C-99D368D4478F}.Debug|ARM.ActiveCfg = Debug|Any CPU
		{917B7F95-9974-4509-894C-99D368D4478F}.Debug|ARM.Build.0 = Debug|Any CPU
		{917B7F95-9974-4509-894C-99D368D4478F}.Debug|x64.ActiveCfg = Debug|Any CPU
		{917B7F95-9974-4509-894C-99D368D4478F}.Debug|x64.Build.0 = Debug|Any CPU
		{917B7F95-9974-4509-894C-99D368D4478F}.Debug|x86.ActiveCfg = Debug|Any CPU
		{917B7F95-9974-4509-894C-99D368D4478F}.Debug|x86.Build.0 = Debug|Any CPU
		{917B7F95-9974-4509-894C-99D368D4478F}.Mock|Any CPU.ActiveCfg = Release|Any CPU
		{917B7F95-9974-4509-894C-99D368D4478F}.Mock|Any CPU.Build.0 = Release|Any CPU
		{917B7F95-9974-4509-894C-99D368D4478F}.Mock|ARM.ActiveCfg = Release|Any CPU
		{917B7F95-9974-4509-894C-99D368D4478F}.Mock|ARM.Build.0 = Release|Any CPU
		{917B7F95-9974-4509-894C-99D368D4478F}.Mock|x64.ActiveCfg = Release|Any CPU
		{917B7F95-9974-4509-894C-99D368D4478F}.Mock|x64.Build.0 = Release|Any CPU
		{917B7F95-9974-4509-894C-99D368D4478F}.Mock|x86.ActiveCfg = Release|Any CPU
		{917B7F95-9974-4509-894C-99D368D4478F}.Mock|x86.Build.0 = Release|Any CPU
		{917B7F95-9974-4509-894C-99D368D4478F}.Release|Any CPU.ActiveCfg = Release|Any CPU
		{917B7F95-9974-4509-894C-99D368D4478F}.Release|Any CPU.Build.0 = Release|Any CPU
		{917B7F95-9974-4509-894C-99D368D4478F}.Release|ARM.ActiveCfg = Release|Any CPU
		{917B7F95-9974-4509-894C-99D368D4478F}.Release|ARM.Build.0 = Release|Any CPU
		{917B7F95-9974-4509-894C-99D368D4478F}.Release|x64.ActiveCfg = Release|Any CPU
		{917B7F95-9974-4509-894C-99D368D4478F}.Release|x64.Build.0 = Release|Any CPU
		{917B7F95-9974-4509-894C-99D368D4478F}.Release|x86.ActiveCfg = Release|Any CPU
		{917B7F95-9974-4509-894C-99D368D4478F}.Release|x86.Build.0 = Release|Any CPU
		{FFE9AE47-4C25-425E-8C7B-B8265FB2B8A2}.Debug|Any CPU.ActiveCfg = Debug|Any CPU
		{FFE9AE47-4C25-425E-8C7B-B8265FB2B8A2}.Debug|Any CPU.Build.0 = Debug|Any CPU
		{FFE9AE47-4C25-425E-8C7B-B8265FB2B8A2}.Debug|ARM.ActiveCfg = Debug|Any CPU
		{FFE9AE47-4C25-425E-8C7B-B8265FB2B8A2}.Debug|ARM.Build.0 = Debug|Any CPU
		{FFE9AE47-4C25-425E-8C7B-B8265FB2B8A2}.Debug|x64.ActiveCfg = Debug|Any CPU
		{FFE9AE47-4C25-425E-8C7B-B8265FB2B8A2}.Debug|x64.Build.0 = Debug|Any CPU
		{FFE9AE47-4C25-425E-8C7B-B8265FB2B8A2}.Debug|x86.ActiveCfg = Debug|Any CPU
		{FFE9AE47-4C25-425E-8C7B-B8265FB2B8A2}.Debug|x86.Build.0 = Debug|Any CPU
		{FFE9AE47-4C25-425E-8C7B-B8265FB2B8A2}.Mock|Any CPU.ActiveCfg = Release|Any CPU
		{FFE9AE47-4C25-425E-8C7B-B8265FB2B8A2}.Mock|Any CPU.Build.0 = Release|Any CPU
		{FFE9AE47-4C25-425E-8C7B-B8265FB2B8A2}.Mock|ARM.ActiveCfg = Release|Any CPU
		{FFE9AE47-4C25-425E-8C7B-B8265FB2B8A2}.Mock|ARM.Build.0 = Release|Any CPU
		{FFE9AE47-4C25-425E-8C7B-B8265FB2B8A2}.Mock|x64.ActiveCfg = Release|Any CPU
		{FFE9AE47-4C25-425E-8C7B-B8265FB2B8A2}.Mock|x64.Build.0 = Release|Any CPU
		{FFE9AE47-4C25-425E-8C7B-B8265FB2B8A2}.Mock|x86.ActiveCfg = Release|Any CPU
		{FFE9AE47-4C25-425E-8C7B-B8265FB2B8A2}.Mock|x86.Build.0 = Release|Any CPU
		{FFE9AE47-4C25-425E-8C7B-B8265FB2B8A2}.Release|Any CPU.ActiveCfg = Release|Any CPU
		{FFE9AE47-4C25-425E-8C7B-B8265FB2B8A2}.Release|Any CPU.Build.0 = Release|Any CPU
		{FFE9AE47-4C25-425E-8C7B-B8265FB2B8A2}.Release|ARM.ActiveCfg = Release|Any CPU
		{FFE9AE47-4C25-425E-8C7B-B8265FB2B8A2}.Release|ARM.Build.0 = Release|Any CPU
		{FFE9AE47-4C25-425E-8C7B-B8265FB2B8A2}.Release|x64.ActiveCfg = Release|Any CPU
		{FFE9AE47-4C25-425E-8C7B-B8265FB2B8A2}.Release|x64.Build.0 = Release|Any CPU
		{FFE9AE47-4C25-425E-8C7B-B8265FB2B8A2}.Release|x86.ActiveCfg = Release|Any CPU
		{FFE9AE47-4C25-425E-8C7B-B8265FB2B8A2}.Release|x86.Build.0 = Release|Any CPU
		{AEADBE95-4773-4931-8741-4196E11D0854}.Debug|Any CPU.ActiveCfg = Debug|x86
		{AEADBE95-4773-4931-8741-4196E11D0854}.Debug|ARM.ActiveCfg = Debug|ARM
		{AEADBE95-4773-4931-8741-4196E11D0854}.Debug|ARM.Build.0 = Debug|ARM
		{AEADBE95-4773-4931-8741-4196E11D0854}.Debug|ARM.Deploy.0 = Debug|ARM
		{AEADBE95-4773-4931-8741-4196E11D0854}.Debug|x64.ActiveCfg = Debug|x64
		{AEADBE95-4773-4931-8741-4196E11D0854}.Debug|x64.Build.0 = Debug|x64
		{AEADBE95-4773-4931-8741-4196E11D0854}.Debug|x64.Deploy.0 = Debug|x64
		{AEADBE95-4773-4931-8741-4196E11D0854}.Debug|x86.ActiveCfg = Debug|x86
		{AEADBE95-4773-4931-8741-4196E11D0854}.Debug|x86.Build.0 = Debug|x86
		{AEADBE95-4773-4931-8741-4196E11D0854}.Debug|x86.Deploy.0 = Debug|x86
		{AEADBE95-4773-4931-8741-4196E11D0854}.Mock|Any CPU.ActiveCfg = Release|x64
		{AEADBE95-4773-4931-8741-4196E11D0854}.Mock|Any CPU.Build.0 = Release|x64
		{AEADBE95-4773-4931-8741-4196E11D0854}.Mock|Any CPU.Deploy.0 = Release|x64
		{AEADBE95-4773-4931-8741-4196E11D0854}.Mock|ARM.ActiveCfg = Release|ARM
		{AEADBE95-4773-4931-8741-4196E11D0854}.Mock|ARM.Build.0 = Release|ARM
		{AEADBE95-4773-4931-8741-4196E11D0854}.Mock|ARM.Deploy.0 = Release|ARM
		{AEADBE95-4773-4931-8741-4196E11D0854}.Mock|x64.ActiveCfg = Release|x64
		{AEADBE95-4773-4931-8741-4196E11D0854}.Mock|x64.Build.0 = Release|x64
		{AEADBE95-4773-4931-8741-4196E11D0854}.Mock|x64.Deploy.0 = Release|x64
		{AEADBE95-4773-4931-8741-4196E11D0854}.Mock|x86.ActiveCfg = Release|x86
		{AEADBE95-4773-4931-8741-4196E11D0854}.Mock|x86.Build.0 = Release|x86
		{AEADBE95-4773-4931-8741-4196E11D0854}.Mock|x86.Deploy.0 = Release|x86
		{AEADBE95-4773-4931-8741-4196E11D0854}.Release|Any CPU.ActiveCfg = Release|x86
		{AEADBE95-4773-4931-8741-4196E11D0854}.Release|ARM.ActiveCfg = Release|ARM
		{AEADBE95-4773-4931-8741-4196E11D0854}.Release|ARM.Build.0 = Release|ARM
		{AEADBE95-4773-4931-8741-4196E11D0854}.Release|ARM.Deploy.0 = Release|ARM
		{AEADBE95-4773-4931-8741-4196E11D0854}.Release|x64.ActiveCfg = Release|x64
		{AEADBE95-4773-4931-8741-4196E11D0854}.Release|x64.Build.0 = Release|x64
		{AEADBE95-4773-4931-8741-4196E11D0854}.Release|x64.Deploy.0 = Release|x64
		{AEADBE95-4773-4931-8741-4196E11D0854}.Release|x86.ActiveCfg = Release|x86
		{AEADBE95-4773-4931-8741-4196E11D0854}.Release|x86.Build.0 = Release|x86
		{AEADBE95-4773-4931-8741-4196E11D0854}.Release|x86.Deploy.0 = Release|x86
		{4979A8F1-8A77-40B0-A85D-75978DDB6B4C}.Debug|Any CPU.ActiveCfg = Debug|x86
		{4979A8F1-8A77-40B0-A85D-75978DDB6B4C}.Debug|ARM.ActiveCfg = Debug|ARM
		{4979A8F1-8A77-40B0-A85D-75978DDB6B4C}.Debug|ARM.Build.0 = Debug|ARM
		{4979A8F1-8A77-40B0-A85D-75978DDB6B4C}.Debug|ARM.Deploy.0 = Debug|ARM
		{4979A8F1-8A77-40B0-A85D-75978DDB6B4C}.Debug|x64.ActiveCfg = Debug|x64
		{4979A8F1-8A77-40B0-A85D-75978DDB6B4C}.Debug|x64.Build.0 = Debug|x64
		{4979A8F1-8A77-40B0-A85D-75978DDB6B4C}.Debug|x64.Deploy.0 = Debug|x64
		{4979A8F1-8A77-40B0-A85D-75978DDB6B4C}.Debug|x86.ActiveCfg = Debug|x86
		{4979A8F1-8A77-40B0-A85D-75978DDB6B4C}.Debug|x86.Build.0 = Debug|x86
		{4979A8F1-8A77-40B0-A85D-75978DDB6B4C}.Debug|x86.Deploy.0 = Debug|x86
		{4979A8F1-8A77-40B0-A85D-75978DDB6B4C}.Mock|Any CPU.ActiveCfg = Release|x64
		{4979A8F1-8A77-40B0-A85D-75978DDB6B4C}.Mock|Any CPU.Build.0 = Release|x64
		{4979A8F1-8A77-40B0-A85D-75978DDB6B4C}.Mock|Any CPU.Deploy.0 = Release|x64
		{4979A8F1-8A77-40B0-A85D-75978DDB6B4C}.Mock|ARM.ActiveCfg = Release|ARM
		{4979A8F1-8A77-40B0-A85D-75978DDB6B4C}.Mock|ARM.Build.0 = Release|ARM
		{4979A8F1-8A77-40B0-A85D-75978DDB6B4C}.Mock|ARM.Deploy.0 = Release|ARM
		{4979A8F1-8A77-40B0-A85D-75978DDB6B4C}.Mock|x64.ActiveCfg = Release|x64
		{4979A8F1-8A77-40B0-A85D-75978DDB6B4C}.Mock|x64.Build.0 = Release|x64
		{4979A8F1-8A77-40B0-A85D-75978DDB6B4C}.Mock|x64.Deploy.0 = Release|x64
		{4979A8F1-8A77-40B0-A85D-75978DDB6B4C}.Mock|x86.ActiveCfg = Release|x86
		{4979A8F1-8A77-40B0-A85D-75978DDB6B4C}.Mock|x86.Build.0 = Release|x86
		{4979A8F1-8A77-40B0-A85D-75978DDB6B4C}.Mock|x86.Deploy.0 = Release|x86
		{4979A8F1-8A77-40B0-A85D-75978DDB6B4C}.Release|Any CPU.ActiveCfg = Release|x86
		{4979A8F1-8A77-40B0-A85D-75978DDB6B4C}.Release|ARM.ActiveCfg = Release|ARM
		{4979A8F1-8A77-40B0-A85D-75978DDB6B4C}.Release|ARM.Build.0 = Release|ARM
		{4979A8F1-8A77-40B0-A85D-75978DDB6B4C}.Release|ARM.Deploy.0 = Release|ARM
		{4979A8F1-8A77-40B0-A85D-75978DDB6B4C}.Release|x64.ActiveCfg = Release|x64
		{4979A8F1-8A77-40B0-A85D-75978DDB6B4C}.Release|x64.Build.0 = Release|x64
		{4979A8F1-8A77-40B0-A85D-75978DDB6B4C}.Release|x64.Deploy.0 = Release|x64
		{4979A8F1-8A77-40B0-A85D-75978DDB6B4C}.Release|x86.ActiveCfg = Release|x86
		{4979A8F1-8A77-40B0-A85D-75978DDB6B4C}.Release|x86.Build.0 = Release|x86
		{4979A8F1-8A77-40B0-A85D-75978DDB6B4C}.Release|x86.Deploy.0 = Release|x86
		{B9F90C33-938E-4D6D-A999-0DB29A986AB8}.Debug|Any CPU.ActiveCfg = Debug|Any CPU
		{B9F90C33-938E-4D6D-A999-0DB29A986AB8}.Debug|Any CPU.Build.0 = Debug|Any CPU
		{B9F90C33-938E-4D6D-A999-0DB29A986AB8}.Debug|ARM.ActiveCfg = Debug|ARM
		{B9F90C33-938E-4D6D-A999-0DB29A986AB8}.Debug|ARM.Build.0 = Debug|ARM
		{B9F90C33-938E-4D6D-A999-0DB29A986AB8}.Debug|x64.ActiveCfg = Debug|x64
		{B9F90C33-938E-4D6D-A999-0DB29A986AB8}.Debug|x64.Build.0 = Debug|x64
		{B9F90C33-938E-4D6D-A999-0DB29A986AB8}.Debug|x86.ActiveCfg = Debug|x86
		{B9F90C33-938E-4D6D-A999-0DB29A986AB8}.Debug|x86.Build.0 = Debug|x86
		{B9F90C33-938E-4D6D-A999-0DB29A986AB8}.Mock|Any CPU.ActiveCfg = Release|Any CPU
		{B9F90C33-938E-4D6D-A999-0DB29A986AB8}.Mock|Any CPU.Build.0 = Release|Any CPU
		{B9F90C33-938E-4D6D-A999-0DB29A986AB8}.Mock|ARM.ActiveCfg = Release|ARM
		{B9F90C33-938E-4D6D-A999-0DB29A986AB8}.Mock|ARM.Build.0 = Release|ARM
		{B9F90C33-938E-4D6D-A999-0DB29A986AB8}.Mock|x64.ActiveCfg = Release|x64
		{B9F90C33-938E-4D6D-A999-0DB29A986AB8}.Mock|x64.Build.0 = Release|x64
		{B9F90C33-938E-4D6D-A999-0DB29A986AB8}.Mock|x86.ActiveCfg = Release|x86
		{B9F90C33-938E-4D6D-A999-0DB29A986AB8}.Mock|x86.Build.0 = Release|x86
		{B9F90C33-938E-4D6D-A999-0DB29A986AB8}.Release|Any CPU.ActiveCfg = Release|Any CPU
		{B9F90C33-938E-4D6D-A999-0DB29A986AB8}.Release|Any CPU.Build.0 = Release|Any CPU
		{B9F90C33-938E-4D6D-A999-0DB29A986AB8}.Release|ARM.ActiveCfg = Release|ARM
		{B9F90C33-938E-4D6D-A999-0DB29A986AB8}.Release|ARM.Build.0 = Release|ARM
		{B9F90C33-938E-4D6D-A999-0DB29A986AB8}.Release|x64.ActiveCfg = Release|x64
		{B9F90C33-938E-4D6D-A999-0DB29A986AB8}.Release|x64.Build.0 = Release|x64
		{B9F90C33-938E-4D6D-A999-0DB29A986AB8}.Release|x86.ActiveCfg = Release|x86
		{B9F90C33-938E-4D6D-A999-0DB29A986AB8}.Release|x86.Build.0 = Release|x86
		{6201FD19-61F2-4A77-BFB5-6A78E9A86D13}.Debug|Any CPU.ActiveCfg = Debug|Any CPU
		{6201FD19-61F2-4A77-BFB5-6A78E9A86D13}.Debug|Any CPU.Build.0 = Debug|Any CPU
		{6201FD19-61F2-4A77-BFB5-6A78E9A86D13}.Debug|ARM.ActiveCfg = Debug|Any CPU
		{6201FD19-61F2-4A77-BFB5-6A78E9A86D13}.Debug|ARM.Build.0 = Debug|Any CPU
		{6201FD19-61F2-4A77-BFB5-6A78E9A86D13}.Debug|x64.ActiveCfg = Debug|Any CPU
		{6201FD19-61F2-4A77-BFB5-6A78E9A86D13}.Debug|x64.Build.0 = Debug|Any CPU
		{6201FD19-61F2-4A77-BFB5-6A78E9A86D13}.Debug|x86.ActiveCfg = Debug|Any CPU
		{6201FD19-61F2-4A77-BFB5-6A78E9A86D13}.Debug|x86.Build.0 = Debug|Any CPU
		{6201FD19-61F2-4A77-BFB5-6A78E9A86D13}.Mock|Any CPU.ActiveCfg = Release|Any CPU
		{6201FD19-61F2-4A77-BFB5-6A78E9A86D13}.Mock|Any CPU.Build.0 = Release|Any CPU
		{6201FD19-61F2-4A77-BFB5-6A78E9A86D13}.Mock|ARM.ActiveCfg = Release|Any CPU
		{6201FD19-61F2-4A77-BFB5-6A78E9A86D13}.Mock|ARM.Build.0 = Release|Any CPU
		{6201FD19-61F2-4A77-BFB5-6A78E9A86D13}.Mock|x64.ActiveCfg = Release|Any CPU
		{6201FD19-61F2-4A77-BFB5-6A78E9A86D13}.Mock|x64.Build.0 = Release|Any CPU
		{6201FD19-61F2-4A77-BFB5-6A78E9A86D13}.Mock|x86.ActiveCfg = Release|Any CPU
		{6201FD19-61F2-4A77-BFB5-6A78E9A86D13}.Mock|x86.Build.0 = Release|Any CPU
		{6201FD19-61F2-4A77-BFB5-6A78E9A86D13}.Release|Any CPU.ActiveCfg = Release|Any CPU
		{6201FD19-61F2-4A77-BFB5-6A78E9A86D13}.Release|Any CPU.Build.0 = Release|Any CPU
		{6201FD19-61F2-4A77-BFB5-6A78E9A86D13}.Release|ARM.ActiveCfg = Release|Any CPU
		{6201FD19-61F2-4A77-BFB5-6A78E9A86D13}.Release|ARM.Build.0 = Release|Any CPU
		{6201FD19-61F2-4A77-BFB5-6A78E9A86D13}.Release|x64.ActiveCfg = Release|Any CPU
		{6201FD19-61F2-4A77-BFB5-6A78E9A86D13}.Release|x64.Build.0 = Release|Any CPU
		{6201FD19-61F2-4A77-BFB5-6A78E9A86D13}.Release|x86.ActiveCfg = Release|Any CPU
		{6201FD19-61F2-4A77-BFB5-6A78E9A86D13}.Release|x86.Build.0 = Release|Any CPU
	EndGlobalSection
	GlobalSection(SolutionProperties) = preSolution
		HideSolutionNode = FALSE
	EndGlobalSection
	GlobalSection(ExtensibilityGlobals) = postSolution
		EnterpriseLibraryConfigurationToolBinariesPathV6 = packages\EnterpriseLibrary.TransientFaultHandling.6.0.1304.0\lib\portable-net45+win+wp8
		SolutionGuid = {3D245ADA-1425-4702-95B2-2F08295DC58B}
	EndGlobalSection
EndGlobal
